
Microsoft Visual Studio Solution File, Format Version 12.00
# Visual Studio 15
VisualStudioVersion = 15.0.26430.13
MinimumVisualStudioVersion = 10.0.40219.1
Project("{FAE04EC0-301F-11D3-BF4B-00C04F79EFBC}") = "01-DefineAnInterfaceIPerson", "01-DefineAnInterfaceIPerson\01-DefineAnInterfaceIPerson.csproj", "{7971AA5A-2B6B-41FC-A769-B3F8F1717602}"
EndProject
Project("{FAE04EC0-301F-11D3-BF4B-00C04F79EFBC}") = "3-Ferrari", "Ferrari\3-Ferrari.csproj", "{90FBFEC2-EDCE-4A5D-945C-452EAF90131A}"
EndProject
Project("{FAE04EC0-301F-11D3-BF4B-00C04F79EFBC}") = "4-Telephony", "4-Telephony\4-Telephony.csproj", "{2C3A834A-C8CB-4E26-B705-C47F285AB413}"
EndProject
Global
	GlobalSection(SolutionConfigurationPlatforms) = preSolution
		Debug|Any CPU = Debug|Any CPU
		Release|Any CPU = Release|Any CPU
	EndGlobalSection
	GlobalSection(ProjectConfigurationPlatforms) = postSolution
		{7971AA5A-2B6B-41FC-A769-B3F8F1717602}.Debug|Any CPU.ActiveCfg = Debug|Any CPU
		{7971AA5A-2B6B-41FC-A769-B3F8F1717602}.Debug|Any CPU.Build.0 = Debug|Any CPU
		{7971AA5A-2B6B-41FC-A769-B3F8F1717602}.Release|Any CPU.ActiveCfg = Release|Any CPU
		{7971AA5A-2B6B-41FC-A769-B3F8F1717602}.Release|Any CPU.Build.0 = Release|Any CPU
		{90FBFEC2-EDCE-4A5D-945C-452EAF90131A}.Debug|Any CPU.ActiveCfg = Debug|Any CPU
		{90FBFEC2-EDCE-4A5D-945C-452EAF90131A}.Debug|Any CPU.Build.0 = Debug|Any CPU
		{90FBFEC2-EDCE-4A5D-945C-452EAF90131A}.Release|Any CPU.ActiveCfg = Release|Any CPU
		{90FBFEC2-EDCE-4A5D-945C-452EAF90131A}.Release|Any CPU.Build.0 = Release|Any CPU
		{2C3A834A-C8CB-4E26-B705-C47F285AB413}.Debug|Any CPU.ActiveCfg = Debug|Any CPU
		{2C3A834A-C8CB-4E26-B705-C47F285AB413}.Debug|Any CPU.Build.0 = Debug|Any CPU
		{2C3A834A-C8CB-4E26-B705-C47F285AB413}.Release|Any CPU.ActiveCfg = Release|Any CPU
		{2C3A834A-C8CB-4E26-B705-C47F285AB413}.Release|Any CPU.Build.0 = Release|Any CPU
	EndGlobalSection
	GlobalSection(SolutionProperties) = preSolution
		HideSolutionNode = FALSE
	EndGlobalSection
EndGlobal
