
Microsoft Visual Studio Solution File, Format Version 12.00
# Visual Studio 15
VisualStudioVersion = 15.0.26430.13
MinimumVisualStudioVersion = 10.0.40219.1
Project("{FAE04EC0-301F-11D3-BF4B-00C04F79EFBC}") = "01-Cubic Artillery", "01-Cubic Artillery\01-Cubic Artillery.csproj", "{1339C788-5EA3-440B-BA09-DAE59C89367D}"
EndProject
Project("{FAE04EC0-301F-11D3-BF4B-00C04F79EFBC}") = "02-CubicsRube", "02-CubicsRube\02-CubicsRube.csproj", "{66E8C5CD-A432-4FC0-95D8-D2145A029753}"
EndProject
Project("{FAE04EC0-301F-11D3-BF4B-00C04F79EFBC}") = "03-CubicsMessages", "03-CubicsMessages\03-CubicsMessages.csproj", "{DE436439-C61E-4BB1-A362-2133746A4902}"
EndProject
Project("{FAE04EC0-301F-11D3-BF4B-00C04F79EFBC}") = "04-CubicAssault", "04-CubicAssault\04-CubicAssault.csproj", "{8843FD92-E510-4337-8903-752E8E88469A}"
EndProject
Global
	GlobalSection(SolutionConfigurationPlatforms) = preSolution
		Debug|Any CPU = Debug|Any CPU
		Release|Any CPU = Release|Any CPU
	EndGlobalSection
	GlobalSection(ProjectConfigurationPlatforms) = postSolution
		{1339C788-5EA3-440B-BA09-DAE59C89367D}.Debug|Any CPU.ActiveCfg = Debug|Any CPU
		{1339C788-5EA3-440B-BA09-DAE59C89367D}.Debug|Any CPU.Build.0 = Debug|Any CPU
		{1339C788-5EA3-440B-BA09-DAE59C89367D}.Release|Any CPU.ActiveCfg = Release|Any CPU
		{1339C788-5EA3-440B-BA09-DAE59C89367D}.Release|Any CPU.Build.0 = Release|Any CPU
		{66E8C5CD-A432-4FC0-95D8-D2145A029753}.Debug|Any CPU.ActiveCfg = Debug|Any CPU
		{66E8C5CD-A432-4FC0-95D8-D2145A029753}.Debug|Any CPU.Build.0 = Debug|Any CPU
		{66E8C5CD-A432-4FC0-95D8-D2145A029753}.Release|Any CPU.ActiveCfg = Release|Any CPU
		{66E8C5CD-A432-4FC0-95D8-D2145A029753}.Release|Any CPU.Build.0 = Release|Any CPU
		{DE436439-C61E-4BB1-A362-2133746A4902}.Debug|Any CPU.ActiveCfg = Debug|Any CPU
		{DE436439-C61E-4BB1-A362-2133746A4902}.Debug|Any CPU.Build.0 = Debug|Any CPU
		{DE436439-C61E-4BB1-A362-2133746A4902}.Release|Any CPU.ActiveCfg = Release|Any CPU
		{DE436439-C61E-4BB1-A362-2133746A4902}.Release|Any CPU.Build.0 = Release|Any CPU
		{8843FD92-E510-4337-8903-752E8E88469A}.Debug|Any CPU.ActiveCfg = Debug|Any CPU
		{8843FD92-E510-4337-8903-752E8E88469A}.Debug|Any CPU.Build.0 = Debug|Any CPU
		{8843FD92-E510-4337-8903-752E8E88469A}.Release|Any CPU.ActiveCfg = Release|Any CPU
		{8843FD92-E510-4337-8903-752E8E88469A}.Release|Any CPU.Build.0 = Release|Any CPU
	EndGlobalSection
	GlobalSection(SolutionProperties) = preSolution
		HideSolutionNode = FALSE
	EndGlobalSection
EndGlobal
