
Microsoft Visual Studio Solution File, Format Version 12.00
# Visual Studio 15
VisualStudioVersion = 15.0.26430.13
MinimumVisualStudioVersion = 10.0.40219.1
Project("{FAE04EC0-301F-11D3-BF4B-00C04F79EFBC}") = "01-Weekdays", "01-Weekdays\01-Weekdays.csproj", "{12209880-E23C-4321-AF1C-949B3EA8E530}"
EndProject
Project("{FAE04EC0-301F-11D3-BF4B-00C04F79EFBC}") = "02-CoffeeMachine", "02-CoffeeMachine\02-CoffeeMachine.csproj", "{A26C759F-F860-406E-98A4-AE169B123B3C}"
EndProject
Project("{FAE04EC0-301F-11D3-BF4B-00C04F79EFBC}") = "03-CreateAttribute", "03-CreateAttribute\03-CreateAttribute.csproj", "{590659F7-B758-4FDC-A961-431958D88139}"
EndProject
Global
	GlobalSection(SolutionConfigurationPlatforms) = preSolution
		Debug|Any CPU = Debug|Any CPU
		Release|Any CPU = Release|Any CPU
	EndGlobalSection
	GlobalSection(ProjectConfigurationPlatforms) = postSolution
		{12209880-E23C-4321-AF1C-949B3EA8E530}.Debug|Any CPU.ActiveCfg = Debug|Any CPU
		{12209880-E23C-4321-AF1C-949B3EA8E530}.Debug|Any CPU.Build.0 = Debug|Any CPU
		{12209880-E23C-4321-AF1C-949B3EA8E530}.Release|Any CPU.ActiveCfg = Release|Any CPU
		{12209880-E23C-4321-AF1C-949B3EA8E530}.Release|Any CPU.Build.0 = Release|Any CPU
		{A26C759F-F860-406E-98A4-AE169B123B3C}.Debug|Any CPU.ActiveCfg = Debug|Any CPU
		{A26C759F-F860-406E-98A4-AE169B123B3C}.Debug|Any CPU.Build.0 = Debug|Any CPU
		{A26C759F-F860-406E-98A4-AE169B123B3C}.Release|Any CPU.ActiveCfg = Release|Any CPU
		{A26C759F-F860-406E-98A4-AE169B123B3C}.Release|Any CPU.Build.0 = Release|Any CPU
		{590659F7-B758-4FDC-A961-431958D88139}.Debug|Any CPU.ActiveCfg = Debug|Any CPU
		{590659F7-B758-4FDC-A961-431958D88139}.Debug|Any CPU.Build.0 = Debug|Any CPU
		{590659F7-B758-4FDC-A961-431958D88139}.Release|Any CPU.ActiveCfg = Release|Any CPU
		{590659F7-B758-4FDC-A961-431958D88139}.Release|Any CPU.Build.0 = Release|Any CPU
	EndGlobalSection
	GlobalSection(SolutionProperties) = preSolution
		HideSolutionNode = FALSE
	EndGlobalSection
EndGlobal
