
Microsoft Visual Studio Solution File, Format Version 12.00
# Visual Studio 15
VisualStudioVersion = 15.0.26430.13
MinimumVisualStudioVersion = 10.0.40219.1
Project("{FAE04EC0-301F-11D3-BF4B-00C04F79EFBC}") = "01-Stealer", "01-Stealer\01-Stealer.csproj", "{3A6FFEB0-AEC2-4047-B8A1-3DA1DDEF6B8F}"
EndProject
Project("{FAE04EC0-301F-11D3-BF4B-00C04F79EFBC}") = "02-HighQualityMistakes", "02-HighQualityMistakes\02-HighQualityMistakes.csproj", "{718EF018-A2AD-4A7C-B196-A96E5BEE168B}"
EndProject
Project("{FAE04EC0-301F-11D3-BF4B-00C04F79EFBC}") = "03-MissionPrivateImpossible", "03-MissionPrivateImpossible\03-MissionPrivateImpossible.csproj", "{D4FBBB06-67D5-46C6-9FE7-1911631FF6DC}"
EndProject
Project("{FAE04EC0-301F-11D3-BF4B-00C04F79EFBC}") = "04-Collector", "04-Collector\04-Collector.csproj", "{A5C49FCA-88D0-4EAC-86F1-319E7F2FF996}"
EndProject
Global
	GlobalSection(SolutionConfigurationPlatforms) = preSolution
		Debug|Any CPU = Debug|Any CPU
		Release|Any CPU = Release|Any CPU
	EndGlobalSection
	GlobalSection(ProjectConfigurationPlatforms) = postSolution
		{3A6FFEB0-AEC2-4047-B8A1-3DA1DDEF6B8F}.Debug|Any CPU.ActiveCfg = Debug|Any CPU
		{3A6FFEB0-AEC2-4047-B8A1-3DA1DDEF6B8F}.Debug|Any CPU.Build.0 = Debug|Any CPU
		{3A6FFEB0-AEC2-4047-B8A1-3DA1DDEF6B8F}.Release|Any CPU.ActiveCfg = Release|Any CPU
		{3A6FFEB0-AEC2-4047-B8A1-3DA1DDEF6B8F}.Release|Any CPU.Build.0 = Release|Any CPU
		{718EF018-A2AD-4A7C-B196-A96E5BEE168B}.Debug|Any CPU.ActiveCfg = Debug|Any CPU
		{718EF018-A2AD-4A7C-B196-A96E5BEE168B}.Debug|Any CPU.Build.0 = Debug|Any CPU
		{718EF018-A2AD-4A7C-B196-A96E5BEE168B}.Release|Any CPU.ActiveCfg = Release|Any CPU
		{718EF018-A2AD-4A7C-B196-A96E5BEE168B}.Release|Any CPU.Build.0 = Release|Any CPU
		{D4FBBB06-67D5-46C6-9FE7-1911631FF6DC}.Debug|Any CPU.ActiveCfg = Debug|Any CPU
		{D4FBBB06-67D5-46C6-9FE7-1911631FF6DC}.Debug|Any CPU.Build.0 = Debug|Any CPU
		{D4FBBB06-67D5-46C6-9FE7-1911631FF6DC}.Release|Any CPU.ActiveCfg = Release|Any CPU
		{D4FBBB06-67D5-46C6-9FE7-1911631FF6DC}.Release|Any CPU.Build.0 = Release|Any CPU
		{A5C49FCA-88D0-4EAC-86F1-319E7F2FF996}.Debug|Any CPU.ActiveCfg = Debug|Any CPU
		{A5C49FCA-88D0-4EAC-86F1-319E7F2FF996}.Debug|Any CPU.Build.0 = Debug|Any CPU
		{A5C49FCA-88D0-4EAC-86F1-319E7F2FF996}.Release|Any CPU.ActiveCfg = Release|Any CPU
		{A5C49FCA-88D0-4EAC-86F1-319E7F2FF996}.Release|Any CPU.Build.0 = Release|Any CPU
	EndGlobalSection
	GlobalSection(SolutionProperties) = preSolution
		HideSolutionNode = FALSE
	EndGlobalSection
EndGlobal
